<?xml version="1.0" encoding="utf-8"?>
<Project ToolsVersion="4.0" xmlns="http://schemas.microsoft.com/developer/msbuild/2003">
  <ItemGroup>
    <Filter Include="Base">
      <UniqueIdentifier>{1abff568-c2f6-4ae9-8f6d-67cc0b057d73}</UniqueIdentifier>
    </Filter>
    <Filter Include="Base\resource">
      <UniqueIdentifier>{715254bc-d70b-4ec5-bf29-467dd3ace079}</UniqueIdentifier>
    </Filter>
    <Filter Include="Base\src">
      <UniqueIdentifier>{bb6c862e-70e9-49d9-81b7-3829a6f50471}</UniqueIdentifier>
    </Filter>
    <Filter Include="Base\win32">
      <UniqueIdentifier>{84a8ebd7-7cf0-47f6-b75e-d441df67da40}</UniqueIdentifier>
    </Filter>
    <Filter Include="Game">
      <UniqueIdentifier>{385bc15e-d8a6-413d-8ecb-3680642a9ca4}</UniqueIdentifier>
    </Filter>
    <Filter Include="Main">
      <UniqueIdentifier>{806de9a9-fcee-470f-b927-836513096ab5}</UniqueIdentifier>
    </Filter>
    <Filter Include="Game\PhysicsWorld">
      <UniqueIdentifier>{4e8e135b-5797-4f31-85ff-bce8aa5554fe}</UniqueIdentifier>
    </Filter>
    <Filter Include="Game\PhysicsWorld\Object">
      <UniqueIdentifier>{8a76b4d5-ee84-425b-a5cf-d777da439a4d}</UniqueIdentifier>
    </Filter>
  </ItemGroup>
  <ItemGroup>
    <ClCompile Include="main.cpp">
      <Filter>Base\win32</Filter>
    </ClCompile>
    <ClCompile Include="..\Classes\AppDelegate.cpp">
      <Filter>Base</Filter>
    </ClCompile>
    <ClCompile Include="..\Classes\MainScene.cpp">
      <Filter>Main</Filter>
    </ClCompile>
    <ClCompile Include="..\Classes\GameScene.cpp">
      <Filter>Game</Filter>
    </ClCompile>
    <ClCompile Include="..\Classes\PhysicsLayer.cpp">
      <Filter>Game</Filter>
    </ClCompile>
    <ClCompile Include="..\Classes\UILayer.cpp">
      <Filter>Game</Filter>
    </ClCompile>
    <ClCompile Include="..\Classes\MapLayer.cpp">
      <Filter>Game\PhysicsWorld</Filter>
    </ClCompile>
    <ClCompile Include="..\Classes\ObjectLayer.cpp">
      <Filter>Game\PhysicsWorld</Filter>
    </ClCompile>
    <ClCompile Include="..\Classes\Object.cpp">
      <Filter>Game\PhysicsWorld\Object</Filter>
    </ClCompile>
    <ClCompile Include="..\Classes\Unit.cpp">
      <Filter>Game\PhysicsWorld\Object</Filter>
    </ClCompile>
    <ClCompile Include="..\Classes\Structure.cpp">
      <Filter>Game\PhysicsWorld\Object</Filter>
    </ClCompile>
    <ClCompile Include="..\Classes\Tower.cpp">
      <Filter>Game\PhysicsWorld\Object</Filter>
    </ClCompile>
  </ItemGroup>
  <ItemGroup>
    <ClInclude Include="main.h">
      <Filter>Base\win32</Filter>
    </ClInclude>
    <ClInclude Include="..\Classes\AppDelegate.h">
      <Filter>Base</Filter>
    </ClInclude>
    <ClInclude Include="..\Classes\MainScene.h">
      <Filter>Main</Filter>
    </ClInclude>
    <ClInclude Include="..\Classes\TextDefine.h">
      <Filter>Base</Filter>
    </ClInclude>
    <ClInclude Include="..\Classes\GameScene.h">
      <Filter>Game</Filter>
    </ClInclude>
    <ClInclude Include="..\Classes\PhysicsLayer.h">
      <Filter>Game</Filter>
    </ClInclude>
    <ClInclude Include="..\Classes\UILayer.h">
      <Filter>Game</Filter>
    </ClInclude>
    <ClInclude Include="..\Classes\MapLayer.h">
      <Filter>Game\PhysicsWorld</Filter>
    </ClInclude>
    <ClInclude Include="..\Classes\ObjectLayer.h">
      <Filter>Game\PhysicsWorld</Filter>
    </ClInclude>
    <ClInclude Include="..\Classes\Object.h">
      <Filter>Game\PhysicsWorld\Object</Filter>
    </ClInclude>
    <ClInclude Include="..\Classes\Unit.h">
      <Filter>Game\PhysicsWorld\Object</Filter>
    </ClInclude>
    <ClInclude Include="..\Classes\Structure.h">
      <Filter>Game\PhysicsWorld\Object</Filter>
    </ClInclude>
    <ClInclude Include="..\Classes\Tower.h">
      <Filter>Game\PhysicsWorld\Object</Filter>
    </ClInclude>
  </ItemGroup>
  <ItemGroup>
    <ResourceCompile Include="game.rc">
      <Filter>Base\resource</Filter>
    </ResourceCompile>
  </ItemGroup>
</Project>